// !$*UTF8*$!
{
	archiveVersion = 1;
	classes = {
	};
	objectVersion = 56;
	objects = {

/* Begin PBXBuildFile section */
		53868D162ACF568B002CA965 /* DiabudiOSApp.swift in Sources */ = {isa = PBXBuildFile; fileRef = 53868D152ACF568B002CA965 /* DiabudiOSApp.swift */; };
		53868D182ACF568B002CA965 /* ContentView.swift in Sources */ = {isa = PBXBuildFile; fileRef = 53868D172ACF568B002CA965 /* ContentView.swift */; };
		53868D1A2ACF568F002CA965 /* Assets.xcassets in Resources */ = {isa = PBXBuildFile; fileRef = 53868D192ACF568F002CA965 /* Assets.xcassets */; };
		53868D1D2ACF568F002CA965 /* Preview Assets.xcassets in Resources */ = {isa = PBXBuildFile; fileRef = 53868D1C2ACF568F002CA965 /* Preview Assets.xcassets */; };
		53868D252ACF5A66002CA965 /* AWSAPIPlugin in Frameworks */ = {isa = PBXBuildFile; productRef = 53868D242ACF5A66002CA965 /* AWSAPIPlugin */; };
		53868D272ACF5A66002CA965 /* AWSCognitoAuthPlugin in Frameworks */ = {isa = PBXBuildFile; productRef = 53868D262ACF5A66002CA965 /* AWSCognitoAuthPlugin */; };
		53868D292ACF5A66002CA965 /* AWSDataStorePlugin in Frameworks */ = {isa = PBXBuildFile; productRef = 53868D282ACF5A66002CA965 /* AWSDataStorePlugin */; };
		53868D2B2ACF5A66002CA965 /* Amplify in Frameworks */ = {isa = PBXBuildFile; productRef = 53868D2A2ACF5A66002CA965 /* Amplify */; };
		53868D2D2ACF5D08002CA965 /* amplifyconfiguration.json in Resources */ = {isa = PBXBuildFile; fileRef = 53868D2C2ACF5D08002CA965 /* amplifyconfiguration.json */; };
		53868D2F2ACF5D14002CA965 /* awsconfiguration.json in Resources */ = {isa = PBXBuildFile; fileRef = 53868D2E2ACF5D14002CA965 /* awsconfiguration.json */; };
		5389BA812ACF6379002BD11A /* Session Manager.swift in Sources */ = {isa = PBXBuildFile; fileRef = 5389BA802ACF6379002BD11A /* Session Manager.swift */; };
		5389BA832ACF7638002BD11A /* ConfirmationView.swift in Sources */ = {isa = PBXBuildFile; fileRef = 5389BA822ACF7638002BD11A /* ConfirmationView.swift */; };
		5389BA852ACF76B2002BD11A /* LoginView.swift in Sources */ = {isa = PBXBuildFile; fileRef = 5389BA842ACF76B2002BD11A /* LoginView.swift */; };
		5389BA872ACF7933002BD11A /* SignUpView.swift in Sources */ = {isa = PBXBuildFile; fileRef = 5389BA862ACF7933002BD11A /* SignUpView.swift */; };
		5389BA892ACF7986002BD11A /* SessionView.swift in Sources */ = {isa = PBXBuildFile; fileRef = 5389BA882ACF7986002BD11A /* SessionView.swift */; };
		58E47BB63F4E690F18635F95 /* awsconfiguration.json in Resources */ = {isa = PBXBuildFile; fileRef = 82E93656A85E41825020F4CD /* awsconfiguration.json */; };
		CE4E7E4EAB5FD6CF7AEFB71A /* amplifyconfiguration.json in Resources */ = {isa = PBXBuildFile; fileRef = E1B8A4356C4C588725A293E7 /* amplifyconfiguration.json */; };
/* End PBXBuildFile section */

/* Begin PBXFileReference section */
		53868D122ACF568B002CA965 /* DiabudiOS.app */ = {isa = PBXFileReference; explicitFileType = wrapper.application; includeInIndex = 0; path = DiabudiOS.app; sourceTree = BUILT_PRODUCTS_DIR; };
		53868D152ACF568B002CA965 /* DiabudiOSApp.swift */ = {isa = PBXFileReference; lastKnownFileType = sourcecode.swift; path = DiabudiOSApp.swift; sourceTree = "<group>"; };
		53868D172ACF568B002CA965 /* ContentView.swift */ = {isa = PBXFileReference; lastKnownFileType = sourcecode.swift; path = ContentView.swift; sourceTree = "<group>"; };
		53868D192ACF568F002CA965 /* Assets.xcassets */ = {isa = PBXFileReference; lastKnownFileType = folder.assetcatalog; path = Assets.xcassets; sourceTree = "<group>"; };
		53868D1C2ACF568F002CA965 /* Preview Assets.xcassets */ = {isa = PBXFileReference; lastKnownFileType = folder.assetcatalog; path = "Preview Assets.xcassets"; sourceTree = "<group>"; };
		53868D2C2ACF5D08002CA965 /* amplifyconfiguration.json */ = {isa = PBXFileReference; fileEncoding = 4; lastKnownFileType = text.json; path = amplifyconfiguration.json; sourceTree = SOURCE_ROOT; };
		53868D2E2ACF5D14002CA965 /* awsconfiguration.json */ = {isa = PBXFileReference; fileEncoding = 4; lastKnownFileType = text.json; path = awsconfiguration.json; sourceTree = SOURCE_ROOT; };
		5389BA7F2ACF62EB002BD11A /* Info.plist */ = {isa = PBXFileReference; lastKnownFileType = text.plist; path = Info.plist; sourceTree = "<group>"; };
		5389BA802ACF6379002BD11A /* Session Manager.swift */ = {isa = PBXFileReference; lastKnownFileType = sourcecode.swift; path = "Session Manager.swift"; sourceTree = "<group>"; };
		5389BA822ACF7638002BD11A /* ConfirmationView.swift */ = {isa = PBXFileReference; lastKnownFileType = sourcecode.swift; path = ConfirmationView.swift; sourceTree = "<group>"; };
		5389BA842ACF76B2002BD11A /* LoginView.swift */ = {isa = PBXFileReference; lastKnownFileType = sourcecode.swift; path = LoginView.swift; sourceTree = "<group>"; };
		5389BA862ACF7933002BD11A /* SignUpView.swift */ = {isa = PBXFileReference; lastKnownFileType = sourcecode.swift; path = SignUpView.swift; sourceTree = "<group>"; };
		5389BA882ACF7986002BD11A /* SessionView.swift */ = {isa = PBXFileReference; lastKnownFileType = sourcecode.swift; path = SessionView.swift; sourceTree = "<group>"; };
		82E93656A85E41825020F4CD /* awsconfiguration.json */ = {isa = PBXFileReference; explicitFileType = text.json; path = awsconfiguration.json; sourceTree = "<group>"; };
		E1B8A4356C4C588725A293E7 /* amplifyconfiguration.json */ = {isa = PBXFileReference; explicitFileType = text.json; path = amplifyconfiguration.json; sourceTree = "<group>"; };
/* End PBXFileReference section */

/* Begin PBXFrameworksBuildPhase section */
		53868D0F2ACF568B002CA965 /* Frameworks */ = {
			isa = PBXFrameworksBuildPhase;
			buildActionMask = 2147483647;
			files = (
				53868D292ACF5A66002CA965 /* AWSDataStorePlugin in Frameworks */,
				53868D2B2ACF5A66002CA965 /* Amplify in Frameworks */,
				53868D252ACF5A66002CA965 /* AWSAPIPlugin in Frameworks */,
				53868D272ACF5A66002CA965 /* AWSCognitoAuthPlugin in Frameworks */,
			);
			runOnlyForDeploymentPostprocessing = 0;
		};
/* End PBXFrameworksBuildPhase section */

/* Begin PBXGroup section */
		53868D092ACF568B002CA965 = {
			isa = PBXGroup;
			children = (
				53868D142ACF568B002CA965 /* DiabudiOS */,
				53868D132ACF568B002CA965 /* Products */,
				DCBE94520D25461743E5C76F /* AmplifyConfig */,
			);
			sourceTree = "<group>";
		};
		53868D132ACF568B002CA965 /* Products */ = {
			isa = PBXGroup;
			children = (
				53868D122ACF568B002CA965 /* DiabudiOS.app */,
			);
			name = Products;
			sourceTree = "<group>";
		};
		53868D142ACF568B002CA965 /* DiabudiOS */ = {
			isa = PBXGroup;
			children = (
				5389BA7F2ACF62EB002BD11A /* Info.plist */,
				53868D152ACF568B002CA965 /* DiabudiOSApp.swift */,
				5389BA802ACF6379002BD11A /* Session Manager.swift */,
				5389BA882ACF7986002BD11A /* SessionView.swift */,
				5389BA862ACF7933002BD11A /* SignUpView.swift */,
				5389BA842ACF76B2002BD11A /* LoginView.swift */,
				5389BA822ACF7638002BD11A /* ConfirmationView.swift */,
				53868D172ACF568B002CA965 /* ContentView.swift */,
				53868D2E2ACF5D14002CA965 /* awsconfiguration.json */,
				53868D2C2ACF5D08002CA965 /* amplifyconfiguration.json */,
				53868D192ACF568F002CA965 /* Assets.xcassets */,
				53868D1B2ACF568F002CA965 /* Preview Content */,
			);
			path = DiabudiOS;
			sourceTree = "<group>";
		};
		53868D1B2ACF568F002CA965 /* Preview Content */ = {
			isa = PBXGroup;
			children = (
				53868D1C2ACF568F002CA965 /* Preview Assets.xcassets */,
			);
			path = "Preview Content";
			sourceTree = "<group>";
		};
		DCBE94520D25461743E5C76F /* AmplifyConfig */ = {
			isa = PBXGroup;
			children = (
				82E93656A85E41825020F4CD /* awsconfiguration.json */,
				E1B8A4356C4C588725A293E7 /* amplifyconfiguration.json */,
			);
			name = AmplifyConfig;
			sourceTree = "<group>";
		};
/* End PBXGroup section */

/* Begin PBXNativeTarget section */
		53868D112ACF568B002CA965 /* DiabudiOS */ = {
			isa = PBXNativeTarget;
			buildConfigurationList = 53868D202ACF568F002CA965 /* Build configuration list for PBXNativeTarget "DiabudiOS" */;
			buildPhases = (
				53868D0E2ACF568B002CA965 /* Sources */,
				53868D0F2ACF568B002CA965 /* Frameworks */,
				53868D102ACF568B002CA965 /* Resources */,
			);
			buildRules = (
			);
			dependencies = (
			);
			name = DiabudiOS;
			packageProductDependencies = (
				53868D242ACF5A66002CA965 /* AWSAPIPlugin */,
				53868D262ACF5A66002CA965 /* AWSCognitoAuthPlugin */,
				53868D282ACF5A66002CA965 /* AWSDataStorePlugin */,
				53868D2A2ACF5A66002CA965 /* Amplify */,
			);
			productName = DiabudiOS;
			productReference = 53868D122ACF568B002CA965 /* DiabudiOS.app */;
			productType = "com.apple.product-type.application";
		};
/* End PBXNativeTarget section */

/* Begin PBXProject section */
		53868D0A2ACF568B002CA965 /* Project object */ = {
			isa = PBXProject;
			attributes = {
				BuildIndependentTargetsInParallel = 1;
				LastSwiftUpdateCheck = 1420;
				LastUpgradeCheck = 1420;
				TargetAttributes = {
					53868D112ACF568B002CA965 = {
						CreatedOnToolsVersion = 14.2;
					};
				};
			};
			buildConfigurationList = 53868D0D2ACF568B002CA965 /* Build configuration list for PBXProject "DiabudiOS" */;
			compatibilityVersion = "Xcode 14.0";
			developmentRegion = en;
			hasScannedForEncodings = 0;
			knownRegions = (
				en,
				Base,
			);
			mainGroup = 53868D092ACF568B002CA965;
			packageReferences = (
				53868D232ACF5A66002CA965 /* XCRemoteSwiftPackageReference "amplify-ios" */,
			);
			productRefGroup = 53868D132ACF568B002CA965 /* Products */;
			projectDirPath = "";
			projectRoot = "";
			targets = (
				53868D112ACF568B002CA965 /* DiabudiOS */,
			);
		};
/* End PBXProject section */

/* Begin PBXResourcesBuildPhase section */
		53868D102ACF568B002CA965 /* Resources */ = {
			isa = PBXResourcesBuildPhase;
			buildActionMask = 2147483647;
			files = (
				53868D1D2ACF568F002CA965 /* Preview Assets.xcassets in Resources */,
				53868D1A2ACF568F002CA965 /* Assets.xcassets in Resources */,
				53868D2F2ACF5D14002CA965 /* awsconfiguration.json in Resources */,
				53868D2D2ACF5D08002CA965 /* amplifyconfiguration.json in Resources */,
				58E47BB63F4E690F18635F95 /* awsconfiguration.json in Resources */,
				CE4E7E4EAB5FD6CF7AEFB71A /* amplifyconfiguration.json in Resources */,
			);
			runOnlyForDeploymentPostprocessing = 0;
		};
/* End PBXResourcesBuildPhase section */

/* Begin PBXSourcesBuildPhase section */
		53868D0E2ACF568B002CA965 /* Sources */ = {
			isa = PBXSourcesBuildPhase;
			buildActionMask = 2147483647;
			files = (
				5389BA892ACF7986002BD11A /* SessionView.swift in Sources */,
				53868D182ACF568B002CA965 /* ContentView.swift in Sources */,
				5389BA832ACF7638002BD11A /* ConfirmationView.swift in Sources */,
				53868D162ACF568B002CA965 /* DiabudiOSApp.swift in Sources */,
				5389BA852ACF76B2002BD11A /* LoginView.swift in Sources */,
				5389BA872ACF7933002BD11A /* SignUpView.swift in Sources */,
				5389BA812ACF6379002BD11A /* Session Manager.swift in Sources */,
			);
			runOnlyForDeploymentPostprocessing = 0;
		};
/* End PBXSourcesBuildPhase section */

/* Begin XCBuildConfiguration section */
		53868D1E2ACF568F002CA965 /* Debug */ = {
			isa = XCBuildConfiguration;
			buildSettings = {
				ALWAYS_SEARCH_USER_PATHS = NO;
				CLANG_ANALYZER_NONNULL = YES;
				CLANG_ANALYZER_NUMBER_OBJECT_CONVERSION = YES_AGGRESSIVE;
				CLANG_CXX_LANGUAGE_STANDARD = "gnu++20";
				CLANG_ENABLE_MODULES = YES;
				CLANG_ENABLE_OBJC_ARC = YES;
				CLANG_ENABLE_OBJC_WEAK = YES;
				CLANG_WARN_BLOCK_CAPTURE_AUTORELEASING = YES;
				CLANG_WARN_BOOL_CONVERSION = YES;
				CLANG_WARN_COMMA = YES;
				CLANG_WARN_CONSTANT_CONVERSION = YES;
				CLANG_WARN_DEPRECATED_OBJC_IMPLEMENTATIONS = YES;
				CLANG_WARN_DIRECT_OBJC_ISA_USAGE = YES_ERROR;
				CLANG_WARN_DOCUMENTATION_COMMENTS = YES;
				CLANG_WARN_EMPTY_BODY = YES;
				CLANG_WARN_ENUM_CONVERSION = YES;
				CLANG_WARN_INFINITE_RECURSION = YES;
				CLANG_WARN_INT_CONVERSION = YES;
				CLANG_WARN_NON_LITERAL_NULL_CONVERSION = YES;
				CLANG_WARN_OBJC_IMPLICIT_RETAIN_SELF = YES;
				CLANG_WARN_OBJC_LITERAL_CONVERSION = YES;
				CLANG_WARN_OBJC_ROOT_CLASS = YES_ERROR;
				CLANG_WARN_QUOTED_INCLUDE_IN_FRAMEWORK_HEADER = YES;
				CLANG_WARN_RANGE_LOOP_ANALYSIS = YES;
				CLANG_WARN_STRICT_PROTOTYPES = YES;
				CLANG_WARN_SUSPICIOUS_MOVE = YES;
				CLANG_WARN_UNGUARDED_AVAILABILITY = YES_AGGRESSIVE;
				CLANG_WARN_UNREACHABLE_CODE = YES;
				CLANG_WARN__DUPLICATE_METHOD_MATCH = YES;
				COPY_PHASE_STRIP = NO;
				DEBUG_INFORMATION_FORMAT = dwarf;
				ENABLE_STRICT_OBJC_MSGSEND = YES;
				ENABLE_TESTABILITY = YES;
				GCC_C_LANGUAGE_STANDARD = gnu11;
				GCC_DYNAMIC_NO_PIC = NO;
				GCC_NO_COMMON_BLOCKS = YES;
				GCC_OPTIMIZATION_LEVEL = 0;
				GCC_PREPROCESSOR_DEFINITIONS = (
					"DEBUG=1",
					"$(inherited)",
				);
				GCC_WARN_64_TO_32_BIT_CONVERSION = YES;
				GCC_WARN_ABOUT_RETURN_TYPE = YES_ERROR;
				GCC_WARN_UNDECLARED_SELECTOR = YES;
				GCC_WARN_UNINITIALIZED_AUTOS = YES_AGGRESSIVE;
				GCC_WARN_UNUSED_FUNCTION = YES;
				GCC_WARN_UNUSED_VARIABLE = YES;
				IPHONEOS_DEPLOYMENT_TARGET = 16.2;
				MTL_ENABLE_DEBUG_INFO = INCLUDE_SOURCE;
				MTL_FAST_MATH = YES;
				ONLY_ACTIVE_ARCH = YES;
				SDKROOT = iphoneos;
				SWIFT_ACTIVE_COMPILATION_CONDITIONS = DEBUG;
				SWIFT_OPTIMIZATION_LEVEL = "-Onone";
			};
			name = Debug;
		};
		53868D1F2ACF568F002CA965 /* Release */ = {
			isa = XCBuildConfiguration;
			buildSettings = {
				ALWAYS_SEARCH_USER_PATHS = NO;
				CLANG_ANALYZER_NONNULL = YES;
				CLANG_ANALYZER_NUMBER_OBJECT_CONVERSION = YES_AGGRESSIVE;
				CLANG_CXX_LANGUAGE_STANDARD = "gnu++20";
				CLANG_ENABLE_MODULES = YES;
				CLANG_ENABLE_OBJC_ARC = YES;
				CLANG_ENABLE_OBJC_WEAK = YES;
				CLANG_WARN_BLOCK_CAPTURE_AUTORELEASING = YES;
				CLANG_WARN_BOOL_CONVERSION = YES;
				CLANG_WARN_COMMA = YES;
				CLANG_WARN_CONSTANT_CONVERSION = YES;
				CLANG_WARN_DEPRECATED_OBJC_IMPLEMENTATIONS = YES;
				CLANG_WARN_DIRECT_OBJC_ISA_USAGE = YES_ERROR;
				CLANG_WARN_DOCUMENTATION_COMMENTS = YES;
				CLANG_WARN_EMPTY_BODY = YES;
				CLANG_WARN_ENUM_CONVERSION = YES;
				CLANG_WARN_INFINITE_RECURSION = YES;
				CLANG_WARN_INT_CONVERSION = YES;
				CLANG_WARN_NON_LITERAL_NULL_CONVERSION = YES;
				CLANG_WARN_OBJC_IMPLICIT_RETAIN_SELF = YES;
				CLANG_WARN_OBJC_LITERAL_CONVERSION = YES;
				CLANG_WARN_OBJC_ROOT_CLASS = YES_ERROR;
				CLANG_WARN_QUOTED_INCLUDE_IN_FRAMEWORK_HEADER = YES;
				CLANG_WARN_RANGE_LOOP_ANALYSIS = YES;
				CLANG_WARN_STRICT_PROTOTYPES = YES;
				CLANG_WARN_SUSPICIOUS_MOVE = YES;
				CLANG_WARN_UNGUARDED_AVAILABILITY = YES_AGGRESSIVE;
				CLANG_WARN_UNREACHABLE_CODE = YES;
				CLANG_WARN__DUPLICATE_METHOD_MATCH = YES;
				COPY_PHASE_STRIP = NO;
				DEBUG_INFORMATION_FORMAT = "dwarf-with-dsym";
				ENABLE_NS_ASSERTIONS = NO;
				ENABLE_STRICT_OBJC_MSGSEND = YES;
				GCC_C_LANGUAGE_STANDARD = gnu11;
				GCC_NO_COMMON_BLOCKS = YES;
				GCC_WARN_64_TO_32_BIT_CONVERSION = YES;
				GCC_WARN_ABOUT_RETURN_TYPE = YES_ERROR;
				GCC_WARN_UNDECLARED_SELECTOR = YES;
				GCC_WARN_UNINITIALIZED_AUTOS = YES_AGGRESSIVE;
				GCC_WARN_UNUSED_FUNCTION = YES;
				GCC_WARN_UNUSED_VARIABLE = YES;
				IPHONEOS_DEPLOYMENT_TARGET = 16.2;
				MTL_ENABLE_DEBUG_INFO = NO;
				MTL_FAST_MATH = YES;
				SDKROOT = iphoneos;
				SWIFT_COMPILATION_MODE = wholemodule;
				SWIFT_OPTIMIZATION_LEVEL = "-O";
				VALIDATE_PRODUCT = YES;
			};
			name = Release;
		};
		53868D212ACF568F002CA965 /* Debug */ = {
			isa = XCBuildConfiguration;
			buildSettings = {
				ASSETCATALOG_COMPILER_APPICON_NAME = AppIcon;
				ASSETCATALOG_COMPILER_GLOBAL_ACCENT_COLOR_NAME = AccentColor;
				CODE_SIGN_STYLE = Automatic;
				CURRENT_PROJECT_VERSION = 1;
				DEVELOPMENT_ASSET_PATHS = "\"DiabudiOS/Preview Content\"";
				DEVELOPMENT_TEAM = R85R6A9877;
				ENABLE_PREVIEWS = YES;
				GENERATE_INFOPLIST_FILE = YES;
				INFOPLIST_FILE = DiabudiOS/Info.plist;
				INFOPLIST_KEY_UIApplicationSupportsIndirectInputEvents = YES;
				INFOPLIST_KEY_UILaunchScreen_Generation = YES;
				INFOPLIST_KEY_UISupportedInterfaceOrientations_iPad = "UIInterfaceOrientationPortrait UIInterfaceOrientationPortraitUpsideDown UIInterfaceOrientationLandscapeLeft UIInterfaceOrientationLandscapeRight";
				INFOPLIST_KEY_UISupportedInterfaceOrientations_iPhone = "UIInterfaceOrientationPortrait UIInterfaceOrientationLandscapeLeft UIInterfaceOrientationLandscapeRight";
				LD_RUNPATH_SEARCH_PATHS = (
					"$(inherited)",
					"@executable_path/Frameworks",
				);
				MARKETING_VERSION = 1.0;
				PRODUCT_BUNDLE_IDENTIFIER = AbdShd.DiabudiOS;
				PRODUCT_NAME = "$(TARGET_NAME)";
				SWIFT_EMIT_LOC_STRINGS = YES;
				SWIFT_VERSION = 5.0;
				TARGETED_DEVICE_FAMILY = "1,2";
			};
			name = Debug;
		};
		53868D222ACF568F002CA965 /* Release */ = {
			isa = XCBuildConfiguration;
			buildSettings = {
				ASSETCATALOG_COMPILER_APPICON_NAME = AppIcon;
				ASSETCATALOG_COMPILER_GLOBAL_ACCENT_COLOR_NAME = AccentColor;
				CODE_SIGN_STYLE = Automatic;
				CURRENT_PROJECT_VERSION = 1;
				DEVELOPMENT_ASSET_PATHS = "\"DiabudiOS/Preview Content\"";
				DEVELOPMENT_TEAM = R85R6A9877;
				ENABLE_PREVIEWS = YES;
				GENERATE_INFOPLIST_FILE = YES;
				INFOPLIST_FILE = DiabudiOS/Info.plist;
				INFOPLIST_KEY_UIApplicationSupportsIndirectInputEvents = YES;
				INFOPLIST_KEY_UILaunchScreen_Generation = YES;
				INFOPLIST_KEY_UISupportedInterfaceOrientations_iPad = "UIInterfaceOrientationPortrait UIInterfaceOrientationPortraitUpsideDown UIInterfaceOrientationLandscapeLeft UIInterfaceOrientationLandscapeRight";
				INFOPLIST_KEY_UISupportedInterfaceOrientations_iPhone = "UIInterfaceOrientationPortrait UIInterfaceOrientationLandscapeLeft UIInterfaceOrientationLandscapeRight";
				LD_RUNPATH_SEARCH_PATHS = (
					"$(inherited)",
					"@executable_path/Frameworks",
				);
				MARKETING_VERSION = 1.0;
				PRODUCT_BUNDLE_IDENTIFIER = AbdShd.DiabudiOS;
				PRODUCT_NAME = "$(TARGET_NAME)";
				SWIFT_EMIT_LOC_STRINGS = YES;
				SWIFT_VERSION = 5.0;
				TARGETED_DEVICE_FAMILY = "1,2";
			};
			name = Release;
		};
/* End XCBuildConfiguration section */

/* Begin XCConfigurationList section */
		53868D0D2ACF568B002CA965 /* Build configuration list for PBXProject "DiabudiOS" */ = {
			isa = XCConfigurationList;
			buildConfigurations = (
				53868D1E2ACF568F002CA965 /* Debug */,
				53868D1F2ACF568F002CA965 /* Release */,
			);
			defaultConfigurationIsVisible = 0;
			defaultConfigurationName = Release;
		};
		53868D202ACF568F002CA965 /* Build configuration list for PBXNativeTarget "DiabudiOS" */ = {
			isa = XCConfigurationList;
			buildConfigurations = (
				53868D212ACF568F002CA965 /* Debug */,
				53868D222ACF568F002CA965 /* Release */,
			);
			defaultConfigurationIsVisible = 0;
			defaultConfigurationName = Release;
		};
/* End XCConfigurationList section */

/* Begin XCRemoteSwiftPackageReference section */
		53868D232ACF5A66002CA965 /* XCRemoteSwiftPackageReference "amplify-ios" */ = {
			isa = XCRemoteSwiftPackageReference;
			repositoryURL = "https://github.com/aws-amplify/amplify-ios";
			requirement = {
				kind = upToNextMajorVersion;
				minimumVersion = 2.0.0;
			};
		};
/* End XCRemoteSwiftPackageReference section */

/* Begin XCSwiftPackageProductDependency section */
		53868D242ACF5A66002CA965 /* AWSAPIPlugin */ = {
			isa = XCSwiftPackageProductDependency;
			package = 53868D232ACF5A66002CA965 /* XCRemoteSwiftPackageReference "amplify-ios" */;
			productName = AWSAPIPlugin;
		};
		53868D262ACF5A66002CA965 /* AWSCognitoAuthPlugin */ = {
			isa = XCSwiftPackageProductDependency;
			package = 53868D232ACF5A66002CA965 /* XCRemoteSwiftPackageReference "amplify-ios" */;
			productName = AWSCognitoAuthPlugin;
		};
		53868D282ACF5A66002CA965 /* AWSDataStorePlugin */ = {
			isa = XCSwiftPackageProductDependency;
			package = 53868D232ACF5A66002CA965 /* XCRemoteSwiftPackageReference "amplify-ios" */;
			productName = AWSDataStorePlugin;
		};
		53868D2A2ACF5A66002CA965 /* Amplify */ = {
			isa = XCSwiftPackageProductDependency;
			package = 53868D232ACF5A66002CA965 /* XCRemoteSwiftPackageReference "amplify-ios" */;
			productName = Amplify;
		};
/* End XCSwiftPackageProductDependency section */
	};
	rootObject = 53868D0A2ACF568B002CA965 /* Project object */;
}
